
Microsoft Visual Studio Solution File, Format Version 12.00
# Visual Studio 15
VisualStudioVersion = 15.0.26124.0
MinimumVisualStudioVersion = 15.0.26124.0
Project("{FAE04EC0-301F-11D3-BF4B-00C04F79EFBC}") = "Evergreen.Gtk", "Evergreen.Gtk\Evergreen.Gtk.csproj", "{E8442D0C-22FD-43F7-9CDD-201C2ABC0F5F}"
EndProject
Project("{FAE04EC0-301F-11D3-BF4B-00C04F79EFBC}") = "Evergreen.Lib", "Evergreen.Lib\Evergreen.Lib.csproj", "{BA1BDD4E-211A-491D-AC76-42525150CE9F}"
EndProject
Project("{FAE04EC0-301F-11D3-BF4B-00C04F79EFBC}") = "Evergreen.Avalonia", "Evergreen.Avalonia\Evergreen.Avalonia.csproj", "{3B91CDCF-95D4-4660-B7DD-B02B14FF3D6E}"
EndProject
Global
	GlobalSection(SolutionConfigurationPlatforms) = preSolution
		Debug|Any CPU = Debug|Any CPU
		Debug|x64 = Debug|x64
		Debug|x86 = Debug|x86
		Release|Any CPU = Release|Any CPU
		Release|x64 = Release|x64
		Release|x86 = Release|x86
	EndGlobalSection
	GlobalSection(SolutionProperties) = preSolution
		HideSolutionNode = FALSE
	EndGlobalSection
	GlobalSection(ProjectConfigurationPlatforms) = postSolution
		{E8442D0C-22FD-43F7-9CDD-201C2ABC0F5F}.Debug|Any CPU.ActiveCfg = Debug|Any CPU
		{E8442D0C-22FD-43F7-9CDD-201C2ABC0F5F}.Debug|Any CPU.Build.0 = Debug|Any CPU
		{E8442D0C-22FD-43F7-9CDD-201C2ABC0F5F}.Debug|x64.ActiveCfg = Debug|Any CPU
		{E8442D0C-22FD-43F7-9CDD-201C2ABC0F5F}.Debug|x64.Build.0 = Debug|Any CPU
		{E8442D0C-22FD-43F7-9CDD-201C2ABC0F5F}.Debug|x86.ActiveCfg = Debug|Any CPU
		{E8442D0C-22FD-43F7-9CDD-201C2ABC0F5F}.Debug|x86.Build.0 = Debug|Any CPU
		{E8442D0C-22FD-43F7-9CDD-201C2ABC0F5F}.Release|Any CPU.ActiveCfg = Release|Any CPU
		{E8442D0C-22FD-43F7-9CDD-201C2ABC0F5F}.Release|Any CPU.Build.0 = Release|Any CPU
		{E8442D0C-22FD-43F7-9CDD-201C2ABC0F5F}.Release|x64.ActiveCfg = Release|Any CPU
		{E8442D0C-22FD-43F7-9CDD-201C2ABC0F5F}.Release|x64.Build.0 = Release|Any CPU
		{E8442D0C-22FD-43F7-9CDD-201C2ABC0F5F}.Release|x86.ActiveCfg = Release|Any CPU
		{E8442D0C-22FD-43F7-9CDD-201C2ABC0F5F}.Release|x86.Build.0 = Release|Any CPU
		{BA1BDD4E-211A-491D-AC76-42525150CE9F}.Debug|Any CPU.ActiveCfg = Debug|Any CPU
		{BA1BDD4E-211A-491D-AC76-42525150CE9F}.Debug|Any CPU.Build.0 = Debug|Any CPU
		{BA1BDD4E-211A-491D-AC76-42525150CE9F}.Debug|x64.ActiveCfg = Debug|Any CPU
		{BA1BDD4E-211A-491D-AC76-42525150CE9F}.Debug|x64.Build.0 = Debug|Any CPU
		{BA1BDD4E-211A-491D-AC76-42525150CE9F}.Debug|x86.ActiveCfg = Debug|Any CPU
		{BA1BDD4E-211A-491D-AC76-42525150CE9F}.Debug|x86.Build.0 = Debug|Any CPU
		{BA1BDD4E-211A-491D-AC76-42525150CE9F}.Release|Any CPU.ActiveCfg = Release|Any CPU
		{BA1BDD4E-211A-491D-AC76-42525150CE9F}.Release|Any CPU.Build.0 = Release|Any CPU
		{BA1BDD4E-211A-491D-AC76-42525150CE9F}.Release|x64.ActiveCfg = Release|Any CPU
		{BA1BDD4E-211A-491D-AC76-42525150CE9F}.Release|x64.Build.0 = Release|Any CPU
		{BA1BDD4E-211A-491D-AC76-42525150CE9F}.Release|x86.ActiveCfg = Release|Any CPU
		{BA1BDD4E-211A-491D-AC76-42525150CE9F}.Release|x86.Build.0 = Release|Any CPU
		{3B91CDCF-95D4-4660-B7DD-B02B14FF3D6E}.Debug|Any CPU.ActiveCfg = Debug|Any CPU
		{3B91CDCF-95D4-4660-B7DD-B02B14FF3D6E}.Debug|Any CPU.Build.0 = Debug|Any CPU
		{3B91CDCF-95D4-4660-B7DD-B02B14FF3D6E}.Debug|x64.ActiveCfg = Debug|Any CPU
		{3B91CDCF-95D4-4660-B7DD-B02B14FF3D6E}.Debug|x64.Build.0 = Debug|Any CPU
		{3B91CDCF-95D4-4660-B7DD-B02B14FF3D6E}.Debug|x86.ActiveCfg = Debug|Any CPU
		{3B91CDCF-95D4-4660-B7DD-B02B14FF3D6E}.Debug|x86.Build.0 = Debug|Any CPU
		{3B91CDCF-95D4-4660-B7DD-B02B14FF3D6E}.Release|Any CPU.ActiveCfg = Release|Any CPU
		{3B91CDCF-95D4-4660-B7DD-B02B14FF3D6E}.Release|Any CPU.Build.0 = Release|Any CPU
		{3B91CDCF-95D4-4660-B7DD-B02B14FF3D6E}.Release|x64.ActiveCfg = Release|Any CPU
		{3B91CDCF-95D4-4660-B7DD-B02B14FF3D6E}.Release|x64.Build.0 = Release|Any CPU
		{3B91CDCF-95D4-4660-B7DD-B02B14FF3D6E}.Release|x86.ActiveCfg = Release|Any CPU
		{3B91CDCF-95D4-4660-B7DD-B02B14FF3D6E}.Release|x86.Build.0 = Release|Any CPU
	EndGlobalSection
EndGlobal
