Microsoft Visual Studio Solution File, Format Version 12.00
# Visual Studio Version 16
VisualStudioVersion = 16.0.31515.178
MinimumVisualStudioVersion = 15.0.26124.0
Project("{9A19103F-16F7-4668-BE54-9A1E7A4F7556}") = "Evergreen", "Evergreen\Evergreen.csproj", "{E8442D0C-22FD-43F7-9CDD-201C2ABC0F5F}"
EndProject
Project("{9A19103F-16F7-4668-BE54-9A1E7A4F7556}") = "Evergreen.Core", "Evergreen.Core\Evergreen.Core.csproj", "{BA1BDD4E-211A-491D-AC76-42525150CE9F}"
EndProject
Project("{9A19103F-16F7-4668-BE54-9A1E7A4F7556}") = "Evergreen.App", "Evergreen.App\Evergreen.App.csproj", "{25238D37-35DF-421F-BEF3-9E1FCB0CCF8C}"
EndProject
Project("{2150E333-8FDC-42A3-9474-1A3956D46DE8}") = "Solution Items", "Solution Items", "{6D24099B-A6F7-43C0-97E4-4BF51413BCAA}"
	ProjectSection(SolutionItems) = preProject
		.editorconfig = .editorconfig
		.gitignore = .gitignore
		global.json = global.json
		install.sh = install.sh
		nuget.config = nuget.config
		omnisharp.json = omnisharp.json
	EndProjectSection
EndProject
Global
	GlobalSection(SolutionConfigurationPlatforms) = preSolution
		Debug|Any CPU = Debug|Any CPU
		Debug|x64 = Debug|x64
		Debug|x86 = Debug|x86
		Release|Any CPU = Release|Any CPU
		Release|x64 = Release|x64
		Release|x86 = Release|x86
	EndGlobalSection
	GlobalSection(ProjectConfigurationPlatforms) = postSolution
		{E8442D0C-22FD-43F7-9CDD-201C2ABC0F5F}.Debug|Any CPU.ActiveCfg = Debug|Any CPU
		{E8442D0C-22FD-43F7-9CDD-201C2ABC0F5F}.Debug|Any CPU.Build.0 = Debug|Any CPU
		{E8442D0C-22FD-43F7-9CDD-201C2ABC0F5F}.Debug|x64.ActiveCfg = Debug|Any CPU
		{E8442D0C-22FD-43F7-9CDD-201C2ABC0F5F}.Debug|x64.Build.0 = Debug|Any CPU
		{E8442D0C-22FD-43F7-9CDD-201C2ABC0F5F}.Debug|x86.ActiveCfg = Debug|Any CPU
		{E8442D0C-22FD-43F7-9CDD-201C2ABC0F5F}.Debug|x86.Build.0 = Debug|Any CPU
		{E8442D0C-22FD-43F7-9CDD-201C2ABC0F5F}.Release|Any CPU.ActiveCfg = Release|Any CPU
		{E8442D0C-22FD-43F7-9CDD-201C2ABC0F5F}.Release|Any CPU.Build.0 = Release|Any CPU
		{E8442D0C-22FD-43F7-9CDD-201C2ABC0F5F}.Release|x64.ActiveCfg = Release|Any CPU
		{E8442D0C-22FD-43F7-9CDD-201C2ABC0F5F}.Release|x64.Build.0 = Release|Any CPU
		{E8442D0C-22FD-43F7-9CDD-201C2ABC0F5F}.Release|x86.ActiveCfg = Release|Any CPU
		{E8442D0C-22FD-43F7-9CDD-201C2ABC0F5F}.Release|x86.Build.0 = Release|Any CPU
		{BA1BDD4E-211A-491D-AC76-42525150CE9F}.Debug|Any CPU.ActiveCfg = Debug|Any CPU
		{BA1BDD4E-211A-491D-AC76-42525150CE9F}.Debug|Any CPU.Build.0 = Debug|Any CPU
		{BA1BDD4E-211A-491D-AC76-42525150CE9F}.Debug|x64.ActiveCfg = Debug|Any CPU
		{BA1BDD4E-211A-491D-AC76-42525150CE9F}.Debug|x64.Build.0 = Debug|Any CPU
		{BA1BDD4E-211A-491D-AC76-42525150CE9F}.Debug|x86.ActiveCfg = Debug|Any CPU
		{BA1BDD4E-211A-491D-AC76-42525150CE9F}.Debug|x86.Build.0 = Debug|Any CPU
		{BA1BDD4E-211A-491D-AC76-42525150CE9F}.Release|Any CPU.ActiveCfg = Release|Any CPU
		{BA1BDD4E-211A-491D-AC76-42525150CE9F}.Release|Any CPU.Build.0 = Release|Any CPU
		{BA1BDD4E-211A-491D-AC76-42525150CE9F}.Release|x64.ActiveCfg = Release|Any CPU
		{BA1BDD4E-211A-491D-AC76-42525150CE9F}.Release|x64.Build.0 = Release|Any CPU
		{BA1BDD4E-211A-491D-AC76-42525150CE9F}.Release|x86.ActiveCfg = Release|Any CPU
		{BA1BDD4E-211A-491D-AC76-42525150CE9F}.Release|x86.Build.0 = Release|Any CPU
		{25238D37-35DF-421F-BEF3-9E1FCB0CCF8C}.Debug|Any CPU.ActiveCfg = Debug|Any CPU
		{25238D37-35DF-421F-BEF3-9E1FCB0CCF8C}.Debug|Any CPU.Build.0 = Debug|Any CPU
		{25238D37-35DF-421F-BEF3-9E1FCB0CCF8C}.Debug|x64.ActiveCfg = Debug|Any CPU
		{25238D37-35DF-421F-BEF3-9E1FCB0CCF8C}.Debug|x64.Build.0 = Debug|Any CPU
		{25238D37-35DF-421F-BEF3-9E1FCB0CCF8C}.Debug|x86.ActiveCfg = Debug|Any CPU
		{25238D37-35DF-421F-BEF3-9E1FCB0CCF8C}.Debug|x86.Build.0 = Debug|Any CPU
		{25238D37-35DF-421F-BEF3-9E1FCB0CCF8C}.Release|Any CPU.ActiveCfg = Release|Any CPU
		{25238D37-35DF-421F-BEF3-9E1FCB0CCF8C}.Release|Any CPU.Build.0 = Release|Any CPU
		{25238D37-35DF-421F-BEF3-9E1FCB0CCF8C}.Release|x64.ActiveCfg = Release|Any CPU
		{25238D37-35DF-421F-BEF3-9E1FCB0CCF8C}.Release|x64.Build.0 = Release|Any CPU
		{25238D37-35DF-421F-BEF3-9E1FCB0CCF8C}.Release|x86.ActiveCfg = Release|Any CPU
		{25238D37-35DF-421F-BEF3-9E1FCB0CCF8C}.Release|x86.Build.0 = Release|Any CPU
	EndGlobalSection
	GlobalSection(SolutionProperties) = preSolution
		HideSolutionNode = FALSE
	EndGlobalSection
	GlobalSection(ExtensibilityGlobals) = postSolution
		SolutionGuid = {05BB3A97-51E5-4F39-A3FD-061ADF7A4676}
	EndGlobalSection
	GlobalSection(AvalonStudioProperties) = preSolution
		StartupItem = {25238D37-35DF-421F-BEF3-9E1FCB0CCF8C}
	EndGlobalSection
EndGlobal
